
Microsoft Visual Studio Solution File, Format Version 12.00
# Visual Studio Version 17
VisualStudioVersion = 17.6.33815.320
MinimumVisualStudioVersion = 10.0.40219.1
Project("{FAE04EC0-301F-11D3-BF4B-00C04F79EFBC}") = "LuhnChecksum", "LuhnChecksum\LuhnChecksum.csproj", "{F02D21A9-EA28-4D4E-AB24-2B18A37D533D}"
EndProject
Global
	GlobalSection(SolutionConfigurationPlatforms) = preSolution
		Debug|Any CPU = Debug|Any CPU
		Release|Any CPU = Release|Any CPU
	EndGlobalSection
	GlobalSection(ProjectConfigurationPlatforms) = postSolution
		{F02D21A9-EA28-4D4E-AB24-2B18A37D533D}.Debug|Any CPU.ActiveCfg = Debug|Any CPU
		{F02D21A9-EA28-4D4E-AB24-2B18A37D533D}.Debug|Any CPU.Build.0 = Debug|Any CPU
		{F02D21A9-EA28-4D4E-AB24-2B18A37D533D}.Release|Any CPU.ActiveCfg = Release|Any CPU
		{F02D21A9-EA28-4D4E-AB24-2B18A37D533D}.Release|Any CPU.Build.0 = Release|Any CPU
	EndGlobalSection
	GlobalSection(SolutionProperties) = preSolution
		HideSolutionNode = FALSE
	EndGlobalSection
	GlobalSection(ExtensibilityGlobals) = postSolution
		SolutionGuid = {CACF05E7-C139-4FE9-B530-2C8B5B1DA92B}
	EndGlobalSection
EndGlobal
